{
  "version": 4,
  "terraform_version": "0.12.17",
  "serial": 54,
  "lineage": "1bed19af-cb8e-1c7f-b769-d6801f30c0b7",
  "outputs": {
    "elb-dns-name": {
      "value": "tf-lb-20191210061109722600000001-1010855477.us-east-1.elb.amazonaws.com",
      "type": "string"
    }
  },
  "resources": [
    {
      "mode": "managed",
      "type": "aws_elb",
      "name": "sonarelb",
      "provider": "provider.aws",
      "instances": [
        {
          "schema_version": 0,
          "attributes": {
            "access_logs": [],
            "arn": "arn:aws:elasticloadbalancing:us-east-1:536285340728:loadbalancer/tf-lb-20191210061109722600000001",
            "availability_zones": [
              "us-east-1a",
              "us-east-1b",
              "us-east-1c",
              "us-east-1d",
              "us-east-1e",
              "us-east-1f"
            ],
            "connection_draining": false,
            "connection_draining_timeout": 300,
            "cross_zone_load_balancing": true,
            "dns_name": "tf-lb-20191210061109722600000001-1010855477.us-east-1.elb.amazonaws.com",
            "health_check": [
              {
                "healthy_threshold": 10,
                "interval": 30,
                "target": "HTTP:9000/",
                "timeout": 20,
                "unhealthy_threshold": 2
              }
            ],
            "id": "tf-lb-20191210061109722600000001",
            "idle_timeout": 60,
            "instances": [
              "i-0ae07e27b0204398f",
              "i-0f1659d2bbd5738f6"
            ],
            "internal": false,
            "listener": [
              {
                "instance_port": 9000,
                "instance_protocol": "http",
                "lb_port": 9000,
                "lb_protocol": "http",
                "ssl_certificate_id": ""
              }
            ],
            "name": "tf-lb-20191210061109722600000001",
            "name_prefix": null,
            "security_groups": [
              "sg-00ec57c74f9cf0cf7"
            ],
            "source_security_group": "536285340728/launch-wizard-8",
            "source_security_group_id": "sg-00ec57c74f9cf0cf7",
            "subnets": [
              "subnet-2e331811",
              "subnet-36f3c919",
              "subnet-5a615a07",
              "subnet-5cff5053",
              "subnet-96ecf3f2",
              "subnet-f24589b8"
            ],
            "tags": {
              "Name": "sonar-elb"
            },
            "zone_id": "Z35SXDOTRQ7X7K"
          },
          "private": "bnVsbA==",
          "dependencies": [
            "aws_instance.sonar"
          ]
        }
      ]
    },
    {
      "mode": "managed",
      "type": "aws_instance",
      "name": "sonar",
      "each": "list",
      "provider": "provider.aws",
      "instances": [
        {
          "index_key": 0,
          "schema_version": 1,
          "attributes": {
            "ami": "ami-00eb20669e0990cb4",
            "arn": "arn:aws:ec2:us-east-1:536285340728:instance/i-0f1659d2bbd5738f6",
            "associate_public_ip_address": true,
            "availability_zone": "us-east-1c",
            "cpu_core_count": 2,
            "cpu_threads_per_core": 1,
            "credit_specification": [
              {
                "cpu_credits": "standard"
              }
            ],
            "disable_api_termination": false,
            "ebs_block_device": [],
            "ebs_optimized": false,
            "ephemeral_block_device": [],
            "get_password_data": false,
            "host_id": null,
            "iam_instance_profile": "",
            "id": "i-0f1659d2bbd5738f6",
            "instance_initiated_shutdown_behavior": null,
            "instance_state": "running",
            "instance_type": "t2.large",
            "ipv6_address_count": 0,
            "ipv6_addresses": [],
            "key_name": "prasanna",
            "monitoring": false,
            "network_interface": [],
            "network_interface_id": null,
            "password_data": "",
            "placement_group": "",
            "primary_network_interface_id": "eni-0c6e79fa0f5445ca0",
            "private_dns": "ip-172-31-80-79.ec2.internal",
            "private_ip": "172.31.80.79",
            "public_dns": "ec2-3-87-195-136.compute-1.amazonaws.com",
            "public_ip": "3.87.195.136",
            "root_block_device": [
              {
                "delete_on_termination": true,
                "encrypted": false,
                "iops": 100,
                "kms_key_id": "",
                "volume_id": "vol-0f739f78656dcab3e",
                "volume_size": 8,
                "volume_type": "gp2"
              }
            ],
            "security_groups": [
              "launch-wizard-8"
            ],
            "source_dest_check": true,
            "subnet_id": "subnet-36f3c919",
            "tags": {
              "Name": "Sonar-0"
            },
            "tenancy": "default",
            "timeouts": null,
            "user_data": "c5b9683801a654956201b7975a415707302691da",
            "user_data_base64": null,
            "volume_tags": {},
            "vpc_security_group_ids": [
              "sg-00ec57c74f9cf0cf7"
            ]
          },
          "private": "eyJlMmJmYjczMC1lY2FhLTExZTYtOGY4OC0zNDM2M2JjN2M0YzAiOnsiY3JlYXRlIjo2MDAwMDAwMDAwMDAsImRlbGV0ZSI6MTIwMDAwMDAwMDAwMCwidXBkYXRlIjo2MDAwMDAwMDAwMDB9LCJzY2hlbWFfdmVyc2lvbiI6IjEifQ=="
        },
        {
          "index_key": 1,
          "schema_version": 1,
          "attributes": {
            "ami": "ami-00eb20669e0990cb4",
            "arn": "arn:aws:ec2:us-east-1:536285340728:instance/i-0ae07e27b0204398f",
            "associate_public_ip_address": true,
            "availability_zone": "us-east-1c",
            "cpu_core_count": 2,
            "cpu_threads_per_core": 1,
            "credit_specification": [
              {
                "cpu_credits": "standard"
              }
            ],
            "disable_api_termination": false,
            "ebs_block_device": [],
            "ebs_optimized": false,
            "ephemeral_block_device": [],
            "get_password_data": false,
            "host_id": null,
            "iam_instance_profile": "",
            "id": "i-0ae07e27b0204398f",
            "instance_initiated_shutdown_behavior": null,
            "instance_state": "running",
            "instance_type": "t2.large",
            "ipv6_address_count": 0,
            "ipv6_addresses": [],
            "key_name": "prasanna",
            "monitoring": false,
            "network_interface": [],
            "network_interface_id": null,
            "password_data": "",
            "placement_group": "",
            "primary_network_interface_id": "eni-0769efb781cbbd120",
            "private_dns": "ip-172-31-90-20.ec2.internal",
            "private_ip": "172.31.90.20",
            "public_dns": "ec2-34-227-29-203.compute-1.amazonaws.com",
            "public_ip": "34.227.29.203",
            "root_block_device": [
              {
                "delete_on_termination": true,
                "encrypted": false,
                "iops": 100,
                "kms_key_id": "",
                "volume_id": "vol-096e5b7545e23e61b",
                "volume_size": 8,
                "volume_type": "gp2"
              }
            ],
            "security_groups": [
              "launch-wizard-8"
            ],
            "source_dest_check": true,
            "subnet_id": "subnet-36f3c919",
            "tags": {
              "Name": "Sonar-1"
            },
            "tenancy": "default",
            "timeouts": null,
            "user_data": "c5b9683801a654956201b7975a415707302691da",
            "user_data_base64": null,
            "volume_tags": {},
            "vpc_security_group_ids": [
              "sg-00ec57c74f9cf0cf7"
            ]
          },
          "private": "eyJlMmJmYjczMC1lY2FhLTExZTYtOGY4OC0zNDM2M2JjN2M0YzAiOnsiY3JlYXRlIjo2MDAwMDAwMDAwMDAsImRlbGV0ZSI6MTIwMDAwMDAwMDAwMCwidXBkYXRlIjo2MDAwMDAwMDAwMDB9LCJzY2hlbWFfdmVyc2lvbiI6IjEifQ=="
        }
      ]
    }
  ]
}
